{
  "lockfileVersion": 1,
  "configVersion": 0,
  "workspaces": {
    "": {
      "name": "proofbridge-liner",
      "dependencies": {
        "@kilocode/cli": "7.3.0",
      },
    },
  },
  "packages": {
    "@kilocode/cli": ["@kilocode/cli@7.3.0", "", { "optionalDependencies": { "@kilocode/cli-darwin-arm64": "7.3.0", "@kilocode/cli-darwin-x64": "7.3.0", "@kilocode/cli-darwin-x64-baseline": "7.3.0", "@kilocode/cli-linux-arm64": "7.3.0", "@kilocode/cli-linux-arm64-musl": "7.3.0", "@kilocode/cli-linux-x64": "7.3.0", "@kilocode/cli-linux-x64-baseline": "7.3.0", "@kilocode/cli-linux-x64-baseline-musl": "7.3.0", "@kilocode/cli-linux-x64-musl": "7.3.0", "@kilocode/cli-windows-arm64": "7.3.0", "@kilocode/cli-windows-x64": "7.3.0", "@kilocode/cli-windows-x64-baseline": "7.3.0" }, "bin": { "kilo": "bin/kilo", "kilocode": "bin/kilo" } }, "sha512-gEyYzTH9VTgdiTRZqijTrCk6tRsTahrRRdPIl1Doeg8sBabzOpkGUXXNeuAV0fSgqq1p8amven/nBG9coy3VuQ=="],

    "@kilocode/cli-darwin-arm64": ["@kilocode/cli-darwin-arm64@7.3.0", "", { "os": "darwin", "cpu": "arm64" }, "sha512-8oYdWvRaXqaWPMhrUEkqafSyDWdk2vm3K+RCgK8bb7W7yV69IsWM9I8X06kumQyb6+QzP+1+BSf+nUIY71yTFQ=="],

    "@kilocode/cli-darwin-x64": ["@kilocode/cli-darwin-x64@7.3.0", "", { "os": "darwin", "cpu": "x64" }, "sha512-r44AejU17QX0AjmuLny52/yrTUV3Ah9nNS3dgNC3BaHvKl5uRXQy8R3ztR05wEgKHwPvXIduj7qcsguAL6IEuQ=="],

    "@kilocode/cli-darwin-x64-baseline": ["@kilocode/cli-darwin-x64-baseline@7.3.0", "", { "os": "darwin", "cpu": "x64" }, "sha512-drpBPKzvCxyLRwaLKicUQCurrM8FDfN/i2XIKfg3TdYK23E4TELf9EPptPQg/BQqO3eZ/IkG1gnN84o2aW96Ig=="],

    "@kilocode/cli-linux-arm64": ["@kilocode/cli-linux-arm64@7.3.0", "", { "os": "linux", "cpu": "arm64" }, "sha512-Yiy2hkaD2vMbFHdNgzaZxm/q1vSBl/Uhwl/3mXQA+OHiRo1g4EpPXUOHhidw83go0Khd4Ku/hCx1fSsL2UAyPg=="],

    "@kilocode/cli-linux-arm64-musl": ["@kilocode/cli-linux-arm64-musl@7.3.0", "", { "os": "linux", "cpu": "arm64" }, "sha512-tWj84r7h2wiAI08XbMO2bElPEeNdFMDe+OtaOycSk0uxDrp4zI2hcEkjCKuDGvOB5LqU+JXu2+PsV2jIj8NfIw=="],

    "@kilocode/cli-linux-x64": ["@kilocode/cli-linux-x64@7.3.0", "", { "os": "linux", "cpu": "x64" }, "sha512-+XGJM5qfe6UflUcLPfZyktHXnz7LWUKssnzM8BZmQ9f5lxr0WhURTd9WwkC8PwEJ7SZIZqkVt/xvZj1X9ajhFg=="],

    "@kilocode/cli-linux-x64-baseline": ["@kilocode/cli-linux-x64-baseline@7.3.0", "", { "os": "linux", "cpu": "x64" }, "sha512-ICILUWOE90cXZRL0EMIemTfPesYDDniFClrK+QnN7Ompl6To0JtfqnsULPDDVzVI8Tlx4cJSyevC6IqJjIqLxw=="],

    "@kilocode/cli-linux-x64-baseline-musl": ["@kilocode/cli-linux-x64-baseline-musl@7.3.0", "", { "os": "linux", "cpu": "x64" }, "sha512-sDOxNNspvweyJ4xUifkF/c+PKugjGVcp9rGR/8OLWNxQjbVqCuU6seenZ8O9l10IrBGZ3nh8tr6RzBd8NXHIyg=="],

    "@kilocode/cli-linux-x64-musl": ["@kilocode/cli-linux-x64-musl@7.3.0", "", { "os": "linux", "cpu": "x64" }, "sha512-XKNKwOzZCwquWuwTL7P8OOb8PLjnFPBjD71ibptYTyTMrK3RwedQQrcfD+U0RTurfGshSDXIupK8X9ifbVrz3g=="],

    "@kilocode/cli-windows-arm64": ["@kilocode/cli-windows-arm64@7.3.0", "", { "os": "win32", "cpu": "arm64" }, "sha512-uibER8t/80pLc+828zrm0K1k1+uc/WCu0y5UTsPglPuhTWdBAaWtrx+SEaNdE671y5aS9OeA+zFMZnhJMHyqDQ=="],

    "@kilocode/cli-windows-x64": ["@kilocode/cli-windows-x64@7.3.0", "", { "os": "win32", "cpu": "x64" }, "sha512-duZuTKW17i0qVFjWWrAzvC8mSPdDYlAe0uq9qKJ4I/1XxFAIuxCbh4CicnqOduS8TkVoy2K2JhEWMYqU/kfiuA=="],

    "@kilocode/cli-windows-x64-baseline": ["@kilocode/cli-windows-x64-baseline@7.3.0", "", { "os": "win32", "cpu": "x64" }, "sha512-sDwQyYZ9SJlnUjpkYhS8v8Px6LHQiknMrmvhKbOo1aweLEC7HeKxhikjS4P0shYknz2tRdjgOINTxWe84jvlfQ=="],
  }
}
